
Microsoft Visual Studio Solution File, Format Version 12.00
# Visual Studio 15
VisualStudioVersion = 15.0.28010.2036
MinimumVisualStudioVersion = 10.0.40219.1
Project("{FAE04EC0-301F-11D3-BF4B-00C04F79EFBC}") = "String", "String\String.csproj", "{E7FD8DBD-936C-4E13-BE7A-0263ED120160}"
EndProject
Project("{FAE04EC0-301F-11D3-BF4B-00C04F79EFBC}") = "ArraysProject", "ArraysProject\ArraysProject.csproj", "{545CE6D0-E9C2-437A-9528-BBF42240A96E}"
EndProject
Project("{FAE04EC0-301F-11D3-BF4B-00C04F79EFBC}") = "RegexProject", "RegexProject\RegexProject.csproj", "{0753F6A1-2C3F-457A-9AB6-49C804967997}"
EndProject
Global
	GlobalSection(SolutionConfigurationPlatforms) = preSolution
		Debug|Any CPU = Debug|Any CPU
		Release|Any CPU = Release|Any CPU
	EndGlobalSection
	GlobalSection(ProjectConfigurationPlatforms) = postSolution
		{E7FD8DBD-936C-4E13-BE7A-0263ED120160}.Debug|Any CPU.ActiveCfg = Debug|Any CPU
		{E7FD8DBD-936C-4E13-BE7A-0263ED120160}.Debug|Any CPU.Build.0 = Debug|Any CPU
		{E7FD8DBD-936C-4E13-BE7A-0263ED120160}.Release|Any CPU.ActiveCfg = Release|Any CPU
		{E7FD8DBD-936C-4E13-BE7A-0263ED120160}.Release|Any CPU.Build.0 = Release|Any CPU
		{545CE6D0-E9C2-437A-9528-BBF42240A96E}.Debug|Any CPU.ActiveCfg = Debug|Any CPU
		{545CE6D0-E9C2-437A-9528-BBF42240A96E}.Debug|Any CPU.Build.0 = Debug|Any CPU
		{545CE6D0-E9C2-437A-9528-BBF42240A96E}.Release|Any CPU.ActiveCfg = Release|Any CPU
		{545CE6D0-E9C2-437A-9528-BBF42240A96E}.Release|Any CPU.Build.0 = Release|Any CPU
		{0753F6A1-2C3F-457A-9AB6-49C804967997}.Debug|Any CPU.ActiveCfg = Debug|Any CPU
		{0753F6A1-2C3F-457A-9AB6-49C804967997}.Debug|Any CPU.Build.0 = Debug|Any CPU
		{0753F6A1-2C3F-457A-9AB6-49C804967997}.Release|Any CPU.ActiveCfg = Release|Any CPU
		{0753F6A1-2C3F-457A-9AB6-49C804967997}.Release|Any CPU.Build.0 = Release|Any CPU
	EndGlobalSection
	GlobalSection(SolutionProperties) = preSolution
		HideSolutionNode = FALSE
	EndGlobalSection
	GlobalSection(ExtensibilityGlobals) = postSolution
		SolutionGuid = {5AA66FE2-BCEE-444C-96F6-CF376B0B1A73}
	EndGlobalSection
EndGlobal
